{
  "requires": true,
  "lockfileVersion": 1,
  "dependencies": {
    "@types/lodash": {
      "version": "4.14.149",
      "resolved": "https://registry.npmjs.org/@types/lodash/-/lodash-4.14.149.tgz",
      "integrity": "sha512-ijGqzZt/b7BfzcK9vTrS6MFljQRPn5BFWOx8oE0GYxribu6uV+aA9zZuXI1zc/etK9E8nrgdoF2+LgUw7+9tJQ=="
    },
    "@types/screeps": {
      "version": "3.0.0",
      "resolved": "https://registry.npmjs.org/@types/screeps/-/screeps-3.0.0.tgz",
      "integrity": "sha512-mQRpLIAqBopoy20ecR8f0Z5j4Y2UpcIhMd9KbKlWqO3anrxUmasc75C910X7OAzJtl4A71/nsTk7XfRa+Gw3Hw=="
    }
  }
}
